// !$*UTF8*$!
{
	archiveVersion = 1;
	classes = {
	};
	objectVersion = 55;
	objects = {

/* Begin PBXBuildFile section */
		97D90D22284272020053529E /* FluidicApp.swift in Sources */ = {isa = PBXBuildFile; fileRef = 97D90D12284272000053529E /* FluidicApp.swift */; };
		97D90D23284272020053529E /* FluidicApp.swift in Sources */ = {isa = PBXBuildFile; fileRef = 97D90D12284272000053529E /* FluidicApp.swift */; };
		97D90D24284272020053529E /* ContentView.swift in Sources */ = {isa = PBXBuildFile; fileRef = 97D90D13284272000053529E /* ContentView.swift */; };
		97D90D25284272020053529E /* ContentView.swift in Sources */ = {isa = PBXBuildFile; fileRef = 97D90D13284272000053529E /* ContentView.swift */; };
		97D90D26284272020053529E /* Assets.xcassets in Resources */ = {isa = PBXBuildFile; fileRef = 97D90D14284272020053529E /* Assets.xcassets */; };
		97D90D27284272020053529E /* Assets.xcassets in Resources */ = {isa = PBXBuildFile; fileRef = 97D90D14284272020053529E /* Assets.xcassets */; };
		97D90D32284272760053529E /* FludicModel.xcdatamodeld in Sources */ = {isa = PBXBuildFile; fileRef = 97D90D30284272760053529E /* FludicModel.xcdatamodeld */; };
		97D90D33284272760053529E /* FludicModel.xcdatamodeld in Sources */ = {isa = PBXBuildFile; fileRef = 97D90D30284272760053529E /* FludicModel.xcdatamodeld */; };
		97D90D362842733A0053529E /* CoreDataManager.swift in Sources */ = {isa = PBXBuildFile; fileRef = 97D90D352842733A0053529E /* CoreDataManager.swift */; };
		97D90D372842733A0053529E /* CoreDataManager.swift in Sources */ = {isa = PBXBuildFile; fileRef = 97D90D352842733A0053529E /* CoreDataManager.swift */; };
/* End PBXBuildFile section */

/* Begin PBXFileReference section */
		97D90D12284272000053529E /* FluidicApp.swift */ = {isa = PBXFileReference; lastKnownFileType = sourcecode.swift; path = FluidicApp.swift; sourceTree = "<group>"; };
		97D90D13284272000053529E /* ContentView.swift */ = {isa = PBXFileReference; lastKnownFileType = sourcecode.swift; path = ContentView.swift; sourceTree = "<group>"; };
		97D90D14284272020053529E /* Assets.xcassets */ = {isa = PBXFileReference; lastKnownFileType = folder.assetcatalog; path = Assets.xcassets; sourceTree = "<group>"; };
		97D90D19284272020053529E /* Fluidic.app */ = {isa = PBXFileReference; explicitFileType = wrapper.application; includeInIndex = 0; path = Fluidic.app; sourceTree = BUILT_PRODUCTS_DIR; };
		97D90D1F284272020053529E /* Fluidic.app */ = {isa = PBXFileReference; explicitFileType = wrapper.application; includeInIndex = 0; path = Fluidic.app; sourceTree = BUILT_PRODUCTS_DIR; };
		97D90D21284272020053529E /* macOS.entitlements */ = {isa = PBXFileReference; lastKnownFileType = text.plist.entitlements; path = macOS.entitlements; sourceTree = "<group>"; };
		97D90D31284272760053529E /* FludicModel.xcdatamodel */ = {isa = PBXFileReference; lastKnownFileType = wrapper.xcdatamodel; path = FludicModel.xcdatamodel; sourceTree = "<group>"; };
		97D90D352842733A0053529E /* CoreDataManager.swift */ = {isa = PBXFileReference; lastKnownFileType = sourcecode.swift; path = CoreDataManager.swift; sourceTree = "<group>"; };
/* End PBXFileReference section */

/* Begin PBXFrameworksBuildPhase section */
		97D90D16284272020053529E /* Frameworks */ = {
			isa = PBXFrameworksBuildPhase;
			buildActionMask = 2147483647;
			files = (
			);
			runOnlyForDeploymentPostprocessing = 0;
		};
		97D90D1C284272020053529E /* Frameworks */ = {
			isa = PBXFrameworksBuildPhase;
			buildActionMask = 2147483647;
			files = (
			);
			runOnlyForDeploymentPostprocessing = 0;
		};
/* End PBXFrameworksBuildPhase section */

/* Begin PBXGroup section */
		97D90D0C284272000053529E = {
			isa = PBXGroup;
			children = (
				97D90D11284272000053529E /* Shared */,
				97D90D20284272020053529E /* macOS */,
				97D90D1A284272020053529E /* Products */,
			);
			sourceTree = "<group>";
		};
		97D90D11284272000053529E /* Shared */ = {
			isa = PBXGroup;
			children = (
				97D90D342842731E0053529E /* Managers */,
				97D90D12284272000053529E /* FluidicApp.swift */,
				97D90D13284272000053529E /* ContentView.swift */,
				97D90D14284272020053529E /* Assets.xcassets */,
				97D90D30284272760053529E /* FludicModel.xcdatamodeld */,
			);
			path = Shared;
			sourceTree = "<group>";
		};
		97D90D1A284272020053529E /* Products */ = {
			isa = PBXGroup;
			children = (
				97D90D19284272020053529E /* Fluidic.app */,
				97D90D1F284272020053529E /* Fluidic.app */,
			);
			name = Products;
			sourceTree = "<group>";
		};
		97D90D20284272020053529E /* macOS */ = {
			isa = PBXGroup;
			children = (
				97D90D21284272020053529E /* macOS.entitlements */,
			);
			path = macOS;
			sourceTree = "<group>";
		};
		97D90D342842731E0053529E /* Managers */ = {
			isa = PBXGroup;
			children = (
				97D90D352842733A0053529E /* CoreDataManager.swift */,
			);
			path = Managers;
			sourceTree = "<group>";
		};
/* End PBXGroup section */

/* Begin PBXNativeTarget section */
		97D90D18284272020053529E /* Fluidic (iOS) */ = {
			isa = PBXNativeTarget;
			buildConfigurationList = 97D90D2A284272020053529E /* Build configuration list for PBXNativeTarget "Fluidic (iOS)" */;
			buildPhases = (
				97D90D15284272020053529E /* Sources */,
				97D90D16284272020053529E /* Frameworks */,
				97D90D17284272020053529E /* Resources */,
			);
			buildRules = (
			);
			dependencies = (
			);
			name = "Fluidic (iOS)";
			productName = "Fluidic (iOS)";
			productReference = 97D90D19284272020053529E /* Fluidic.app */;
			productType = "com.apple.product-type.application";
		};
		97D90D1E284272020053529E /* Fluidic (macOS) */ = {
			isa = PBXNativeTarget;
			buildConfigurationList = 97D90D2D284272020053529E /* Build configuration list for PBXNativeTarget "Fluidic (macOS)" */;
			buildPhases = (
				97D90D1B284272020053529E /* Sources */,
				97D90D1C284272020053529E /* Frameworks */,
				97D90D1D284272020053529E /* Resources */,
			);
			buildRules = (
			);
			dependencies = (
			);
			name = "Fluidic (macOS)";
			productName = "Fluidic (macOS)";
			productReference = 97D90D1F284272020053529E /* Fluidic.app */;
			productType = "com.apple.product-type.application";
		};
/* End PBXNativeTarget section */

/* Begin PBXProject section */
		97D90D0D284272000053529E /* Project object */ = {
			isa = PBXProject;
			attributes = {
				BuildIndependentTargetsInParallel = 1;
				LastSwiftUpdateCheck = 1340;
				LastUpgradeCheck = 1340;
				TargetAttributes = {
					97D90D18284272020053529E = {
						CreatedOnToolsVersion = 13.4;
					};
					97D90D1E284272020053529E = {
						CreatedOnToolsVersion = 13.4;
					};
				};
			};
			buildConfigurationList = 97D90D10284272000053529E /* Build configuration list for PBXProject "Fluidic" */;
			compatibilityVersion = "Xcode 13.0";
			developmentRegion = en;
			hasScannedForEncodings = 0;
			knownRegions = (
				en,
				Base,
			);
			mainGroup = 97D90D0C284272000053529E;
			productRefGroup = 97D90D1A284272020053529E /* Products */;
			projectDirPath = "";
			projectRoot = "";
			targets = (
				97D90D18284272020053529E /* Fluidic (iOS) */,
				97D90D1E284272020053529E /* Fluidic (macOS) */,
			);
		};
/* End PBXProject section */

/* Begin PBXResourcesBuildPhase section */
		97D90D17284272020053529E /* Resources */ = {
			isa = PBXResourcesBuildPhase;
			buildActionMask = 2147483647;
			files = (
				97D90D26284272020053529E /* Assets.xcassets in Resources */,
			);
			runOnlyForDeploymentPostprocessing = 0;
		};
		97D90D1D284272020053529E /* Resources */ = {
			isa = PBXResourcesBuildPhase;
			buildActionMask = 2147483647;
			files = (
				97D90D27284272020053529E /* Assets.xcassets in Resources */,
			);
			runOnlyForDeploymentPostprocessing = 0;
		};
/* End PBXResourcesBuildPhase section */

/* Begin PBXSourcesBuildPhase section */
		97D90D15284272020053529E /* Sources */ = {
			isa = PBXSourcesBuildPhase;
			buildActionMask = 2147483647;
			files = (
				97D90D32284272760053529E /* FludicModel.xcdatamodeld in Sources */,
				97D90D24284272020053529E /* ContentView.swift in Sources */,
				97D90D362842733A0053529E /* CoreDataManager.swift in Sources */,
				97D90D22284272020053529E /* FluidicApp.swift in Sources */,
			);
			runOnlyForDeploymentPostprocessing = 0;
		};
		97D90D1B284272020053529E /* Sources */ = {
			isa = PBXSourcesBuildPhase;
			buildActionMask = 2147483647;
			files = (
				97D90D33284272760053529E /* FludicModel.xcdatamodeld in Sources */,
				97D90D25284272020053529E /* ContentView.swift in Sources */,
				97D90D372842733A0053529E /* CoreDataManager.swift in Sources */,
				97D90D23284272020053529E /* FluidicApp.swift in Sources */,
			);
			runOnlyForDeploymentPostprocessing = 0;
		};
/* End PBXSourcesBuildPhase section */

/* Begin XCBuildConfiguration section */
		97D90D28284272020053529E /* Debug */ = {
			isa = XCBuildConfiguration;
			buildSettings = {
				ALWAYS_SEARCH_USER_PATHS = NO;
				CLANG_ANALYZER_NONNULL = YES;
				CLANG_ANALYZER_NUMBER_OBJECT_CONVERSION = YES_AGGRESSIVE;
				CLANG_CXX_LANGUAGE_STANDARD = "gnu++17";
				CLANG_ENABLE_MODULES = YES;
				CLANG_ENABLE_OBJC_ARC = YES;
				CLANG_ENABLE_OBJC_WEAK = YES;
				CLANG_WARN_BLOCK_CAPTURE_AUTORELEASING = YES;
				CLANG_WARN_BOOL_CONVERSION = YES;
				CLANG_WARN_COMMA = YES;
				CLANG_WARN_CONSTANT_CONVERSION = YES;
				CLANG_WARN_DEPRECATED_OBJC_IMPLEMENTATIONS = YES;
				CLANG_WARN_DIRECT_OBJC_ISA_USAGE = YES_ERROR;
				CLANG_WARN_DOCUMENTATION_COMMENTS = YES;
				CLANG_WARN_EMPTY_BODY = YES;
				CLANG_WARN_ENUM_CONVERSION = YES;
				CLANG_WARN_INFINITE_RECURSION = YES;
				CLANG_WARN_INT_CONVERSION = YES;
				CLANG_WARN_NON_LITERAL_NULL_CONVERSION = YES;
				CLANG_WARN_OBJC_IMPLICIT_RETAIN_SELF = YES;
				CLANG_WARN_OBJC_LITERAL_CONVERSION = YES;
				CLANG_WARN_OBJC_ROOT_CLASS = YES_ERROR;
				CLANG_WARN_QUOTED_INCLUDE_IN_FRAMEWORK_HEADER = YES;
				CLANG_WARN_RANGE_LOOP_ANALYSIS = YES;
				CLANG_WARN_STRICT_PROTOTYPES = YES;
				CLANG_WARN_SUSPICIOUS_MOVE = YES;
				CLANG_WARN_UNGUARDED_AVAILABILITY = YES_AGGRESSIVE;
				CLANG_WARN_UNREACHABLE_CODE = YES;
				CLANG_WARN__DUPLICATE_METHOD_MATCH = YES;
				COPY_PHASE_STRIP = NO;
				DEBUG_INFORMATION_FORMAT = dwarf;
				ENABLE_STRICT_OBJC_MSGSEND = YES;
				ENABLE_TESTABILITY = YES;
				GCC_C_LANGUAGE_STANDARD = gnu11;
				GCC_DYNAMIC_NO_PIC = NO;
				GCC_NO_COMMON_BLOCKS = YES;
				GCC_OPTIMIZATION_LEVEL = 0;
				GCC_PREPROCESSOR_DEFINITIONS = (
					"DEBUG=1",
					"$(inherited)",
				);
				GCC_WARN_64_TO_32_BIT_CONVERSION = YES;
				GCC_WARN_ABOUT_RETURN_TYPE = YES_ERROR;
				GCC_WARN_UNDECLARED_SELECTOR = YES;
				GCC_WARN_UNINITIALIZED_AUTOS = YES_AGGRESSIVE;
				GCC_WARN_UNUSED_FUNCTION = YES;
				GCC_WARN_UNUSED_VARIABLE = YES;
				MTL_ENABLE_DEBUG_INFO = INCLUDE_SOURCE;
				MTL_FAST_MATH = YES;
				ONLY_ACTIVE_ARCH = YES;
				SWIFT_ACTIVE_COMPILATION_CONDITIONS = DEBUG;
				SWIFT_OPTIMIZATION_LEVEL = "-Onone";
			};
			name = Debug;
		};
		97D90D29284272020053529E /* Release */ = {
			isa = XCBuildConfiguration;
			buildSettings = {
				ALWAYS_SEARCH_USER_PATHS = NO;
				CLANG_ANALYZER_NONNULL = YES;
				CLANG_ANALYZER_NUMBER_OBJECT_CONVERSION = YES_AGGRESSIVE;
				CLANG_CXX_LANGUAGE_STANDARD = "gnu++17";
				CLANG_ENABLE_MODULES = YES;
				CLANG_ENABLE_OBJC_ARC = YES;
				CLANG_ENABLE_OBJC_WEAK = YES;
				CLANG_WARN_BLOCK_CAPTURE_AUTORELEASING = YES;
				CLANG_WARN_BOOL_CONVERSION = YES;
				CLANG_WARN_COMMA = YES;
				CLANG_WARN_CONSTANT_CONVERSION = YES;
				CLANG_WARN_DEPRECATED_OBJC_IMPLEMENTATIONS = YES;
				CLANG_WARN_DIRECT_OBJC_ISA_USAGE = YES_ERROR;
				CLANG_WARN_DOCUMENTATION_COMMENTS = YES;
				CLANG_WARN_EMPTY_BODY = YES;
				CLANG_WARN_ENUM_CONVERSION = YES;
				CLANG_WARN_INFINITE_RECURSION = YES;
				CLANG_WARN_INT_CONVERSION = YES;
				CLANG_WARN_NON_LITERAL_NULL_CONVERSION = YES;
				CLANG_WARN_OBJC_IMPLICIT_RETAIN_SELF = YES;
				CLANG_WARN_OBJC_LITERAL_CONVERSION = YES;
				CLANG_WARN_OBJC_ROOT_CLASS = YES_ERROR;
				CLANG_WARN_QUOTED_INCLUDE_IN_FRAMEWORK_HEADER = YES;
				CLANG_WARN_RANGE_LOOP_ANALYSIS = YES;
				CLANG_WARN_STRICT_PROTOTYPES = YES;
				CLANG_WARN_SUSPICIOUS_MOVE = YES;
				CLANG_WARN_UNGUARDED_AVAILABILITY = YES_AGGRESSIVE;
				CLANG_WARN_UNREACHABLE_CODE = YES;
				CLANG_WARN__DUPLICATE_METHOD_MATCH = YES;
				COPY_PHASE_STRIP = NO;
				DEBUG_INFORMATION_FORMAT = "dwarf-with-dsym";
				ENABLE_NS_ASSERTIONS = NO;
				ENABLE_STRICT_OBJC_MSGSEND = YES;
				GCC_C_LANGUAGE_STANDARD = gnu11;
				GCC_NO_COMMON_BLOCKS = YES;
				GCC_WARN_64_TO_32_BIT_CONVERSION = YES;
				GCC_WARN_ABOUT_RETURN_TYPE = YES_ERROR;
				GCC_WARN_UNDECLARED_SELECTOR = YES;
				GCC_WARN_UNINITIALIZED_AUTOS = YES_AGGRESSIVE;
				GCC_WARN_UNUSED_FUNCTION = YES;
				GCC_WARN_UNUSED_VARIABLE = YES;
				MTL_ENABLE_DEBUG_INFO = NO;
				MTL_FAST_MATH = YES;
				SWIFT_COMPILATION_MODE = wholemodule;
				SWIFT_OPTIMIZATION_LEVEL = "-O";
			};
			name = Release;
		};
		97D90D2B284272020053529E /* Debug */ = {
			isa = XCBuildConfiguration;
			buildSettings = {
				ASSETCATALOG_COMPILER_APPICON_NAME = AppIcon;
				ASSETCATALOG_COMPILER_GLOBAL_ACCENT_COLOR_NAME = AccentColor;
				CODE_SIGN_STYLE = Automatic;
				CURRENT_PROJECT_VERSION = 1;
				DEVELOPMENT_TEAM = 5BGMUAPSKW;
				ENABLE_PREVIEWS = YES;
				GENERATE_INFOPLIST_FILE = YES;
				INFOPLIST_KEY_UIApplicationSceneManifest_Generation = YES;
				INFOPLIST_KEY_UIApplicationSupportsIndirectInputEvents = YES;
				INFOPLIST_KEY_UILaunchScreen_Generation = YES;
				INFOPLIST_KEY_UISupportedInterfaceOrientations_iPad = "UIInterfaceOrientationPortrait UIInterfaceOrientationPortraitUpsideDown UIInterfaceOrientationLandscapeLeft UIInterfaceOrientationLandscapeRight";
				INFOPLIST_KEY_UISupportedInterfaceOrientations_iPhone = "UIInterfaceOrientationPortrait UIInterfaceOrientationLandscapeLeft UIInterfaceOrientationLandscapeRight";
				IPHONEOS_DEPLOYMENT_TARGET = 15.5;
				LD_RUNPATH_SEARCH_PATHS = (
					"$(inherited)",
					"@executable_path/Frameworks",
				);
				MARKETING_VERSION = 1.0;
				PRODUCT_BUNDLE_IDENTIFIER = com.circularity.Fluidic;
				PRODUCT_NAME = Fluidic;
				SDKROOT = iphoneos;
				SWIFT_EMIT_LOC_STRINGS = YES;
				SWIFT_VERSION = 5.0;
				TARGETED_DEVICE_FAMILY = "1,2";
			};
			name = Debug;
		};
		97D90D2C284272020053529E /* Release */ = {
			isa = XCBuildConfiguration;
			buildSettings = {
				ASSETCATALOG_COMPILER_APPICON_NAME = AppIcon;
				ASSETCATALOG_COMPILER_GLOBAL_ACCENT_COLOR_NAME = AccentColor;
				CODE_SIGN_STYLE = Automatic;
				CURRENT_PROJECT_VERSION = 1;
				DEVELOPMENT_TEAM = 5BGMUAPSKW;
				ENABLE_PREVIEWS = YES;
				GENERATE_INFOPLIST_FILE = YES;
				INFOPLIST_KEY_UIApplicationSceneManifest_Generation = YES;
				INFOPLIST_KEY_UIApplicationSupportsIndirectInputEvents = YES;
				INFOPLIST_KEY_UILaunchScreen_Generation = YES;
				INFOPLIST_KEY_UISupportedInterfaceOrientations_iPad = "UIInterfaceOrientationPortrait UIInterfaceOrientationPortraitUpsideDown UIInterfaceOrientationLandscapeLeft UIInterfaceOrientationLandscapeRight";
				INFOPLIST_KEY_UISupportedInterfaceOrientations_iPhone = "UIInterfaceOrientationPortrait UIInterfaceOrientationLandscapeLeft UIInterfaceOrientationLandscapeRight";
				IPHONEOS_DEPLOYMENT_TARGET = 15.5;
				LD_RUNPATH_SEARCH_PATHS = (
					"$(inherited)",
					"@executable_path/Frameworks",
				);
				MARKETING_VERSION = 1.0;
				PRODUCT_BUNDLE_IDENTIFIER = com.circularity.Fluidic;
				PRODUCT_NAME = Fluidic;
				SDKROOT = iphoneos;
				SWIFT_EMIT_LOC_STRINGS = YES;
				SWIFT_VERSION = 5.0;
				TARGETED_DEVICE_FAMILY = "1,2";
				VALIDATE_PRODUCT = YES;
			};
			name = Release;
		};
		97D90D2E284272020053529E /* Debug */ = {
			isa = XCBuildConfiguration;
			buildSettings = {
				ASSETCATALOG_COMPILER_APPICON_NAME = AppIcon;
				ASSETCATALOG_COMPILER_GLOBAL_ACCENT_COLOR_NAME = AccentColor;
				CODE_SIGN_ENTITLEMENTS = macOS/macOS.entitlements;
				CODE_SIGN_STYLE = Automatic;
				COMBINE_HIDPI_IMAGES = YES;
				CURRENT_PROJECT_VERSION = 1;
				DEVELOPMENT_TEAM = 5BGMUAPSKW;
				ENABLE_HARDENED_RUNTIME = YES;
				ENABLE_PREVIEWS = YES;
				GENERATE_INFOPLIST_FILE = YES;
				INFOPLIST_KEY_NSHumanReadableCopyright = "";
				LD_RUNPATH_SEARCH_PATHS = (
					"$(inherited)",
					"@executable_path/../Frameworks",
				);
				MACOSX_DEPLOYMENT_TARGET = 12.3;
				MARKETING_VERSION = 1.0;
				PRODUCT_BUNDLE_IDENTIFIER = com.circularity.Fluidic;
				PRODUCT_NAME = Fluidic;
				SDKROOT = macosx;
				SWIFT_EMIT_LOC_STRINGS = YES;
				SWIFT_VERSION = 5.0;
			};
			name = Debug;
		};
		97D90D2F284272020053529E /* Release */ = {
			isa = XCBuildConfiguration;
			buildSettings = {
				ASSETCATALOG_COMPILER_APPICON_NAME = AppIcon;
				ASSETCATALOG_COMPILER_GLOBAL_ACCENT_COLOR_NAME = AccentColor;
				CODE_SIGN_ENTITLEMENTS = macOS/macOS.entitlements;
				CODE_SIGN_STYLE = Automatic;
				COMBINE_HIDPI_IMAGES = YES;
				CURRENT_PROJECT_VERSION = 1;
				DEVELOPMENT_TEAM = 5BGMUAPSKW;
				ENABLE_HARDENED_RUNTIME = YES;
				ENABLE_PREVIEWS = YES;
				GENERATE_INFOPLIST_FILE = YES;
				INFOPLIST_KEY_NSHumanReadableCopyright = "";
				LD_RUNPATH_SEARCH_PATHS = (
					"$(inherited)",
					"@executable_path/../Frameworks",
				);
				MACOSX_DEPLOYMENT_TARGET = 12.3;
				MARKETING_VERSION = 1.0;
				PRODUCT_BUNDLE_IDENTIFIER = com.circularity.Fluidic;
				PRODUCT_NAME = Fluidic;
				SDKROOT = macosx;
				SWIFT_EMIT_LOC_STRINGS = YES;
				SWIFT_VERSION = 5.0;
			};
			name = Release;
		};
/* End XCBuildConfiguration section */

/* Begin XCConfigurationList section */
		97D90D10284272000053529E /* Build configuration list for PBXProject "Fluidic" */ = {
			isa = XCConfigurationList;
			buildConfigurations = (
				97D90D28284272020053529E /* Debug */,
				97D90D29284272020053529E /* Release */,
			);
			defaultConfigurationIsVisible = 0;
			defaultConfigurationName = Release;
		};
		97D90D2A284272020053529E /* Build configuration list for PBXNativeTarget "Fluidic (iOS)" */ = {
			isa = XCConfigurationList;
			buildConfigurations = (
				97D90D2B284272020053529E /* Debug */,
				97D90D2C284272020053529E /* Release */,
			);
			defaultConfigurationIsVisible = 0;
			defaultConfigurationName = Release;
		};
		97D90D2D284272020053529E /* Build configuration list for PBXNativeTarget "Fluidic (macOS)" */ = {
			isa = XCConfigurationList;
			buildConfigurations = (
				97D90D2E284272020053529E /* Debug */,
				97D90D2F284272020053529E /* Release */,
			);
			defaultConfigurationIsVisible = 0;
			defaultConfigurationName = Release;
		};
/* End XCConfigurationList section */

/* Begin XCVersionGroup section */
		97D90D30284272760053529E /* FludicModel.xcdatamodeld */ = {
			isa = XCVersionGroup;
			children = (
				97D90D31284272760053529E /* FludicModel.xcdatamodel */,
			);
			currentVersion = 97D90D31284272760053529E /* FludicModel.xcdatamodel */;
			path = FludicModel.xcdatamodeld;
			sourceTree = "<group>";
			versionGroupType = wrapper.xcdatamodel;
		};
/* End XCVersionGroup section */
	};
	rootObject = 97D90D0D284272000053529E /* Project object */;
}
